# This file is automatically @generated by Cargo.
# It is not intended for manual editing.
version = 4

[[package]]
name = "fd-addr"
version = "0.1.0"
dependencies = [
 "fd-fixed",
]

[[package]]
name = "fd-cli"
version = "0.1.0"
dependencies = [
 "fd-addr",
 "fd-kernel",
 "fd-samples",
 "fd-shade",
]

[[package]]
name = "fd-fixed"
version = "0.1.0"

[[package]]
name = "fd-kernel"
version = "0.1.0"
dependencies = [
 "fd-fixed",
 "fd-samples",
]

[[package]]
name = "fd-samples"
version = "0.1.0"

[[package]]
name = "fd-shade"
version = "0.1.0"
dependencies = [
 "fd-samples",
]
